{
  "name": "my-new-project",
  "version": "0.1.0",
  "lockfileVersion": 1,
  "requires": true,
  "dependencies": {
    "bs-platform": {
      "version": "7.3.2",
      "resolved": "https://registry.npmjs.org/bs-platform/-/bs-platform-7.3.2.tgz",
      "integrity": "sha512-seJL5g4anK9la4erv+B2o2sMHQCxDF6OCRl9en3hbaUos/S3JsusQ0sPp4ORsbx5eXfHLYBwPljwKXlgpXtsgQ==",
      "dev": true
    },
    "bs-readline": {
      "version": "1.0.4",
      "resolved": "https://registry.npmjs.org/bs-readline/-/bs-readline-1.0.4.tgz",
      "integrity": "sha512-Y3GBA9UZ2Qb0vvQDisIWJjYjkDPzmdwifQ0Hw5NO8uPc/qxgcVx8zbmeAWWC9qN11dBkVRRrMpQbSymNUsqD0Q=="
    },
    "esy": {
      "version": "0.6.5",
      "resolved": "https://registry.npmjs.org/esy/-/esy-0.6.5.tgz",
      "integrity": "sha512-+6nUg3Dbs770bYDwYBQV6RDB25yeanBkzwnJ2stU2IdoFSgChPsYZvWNGo8WNTSFQSzLnZ4OshQroMkdzRAt3g==",
      "requires": {
        "esy-solve-cudf": "^0.1.10"
      }
    },
    "esy-solve-cudf": {
      "version": "0.1.10",
      "resolved": "https://registry.npmjs.org/esy-solve-cudf/-/esy-solve-cudf-0.1.10.tgz",
      "integrity": "sha512-/MrZOBH0wuJndvZN8pl+S3Mg3zJaK70PH9ZZwqDeJHulghEWROEZxpmenNiS9pqAaxyUVhTZJBt2/vL9jKCJbg=="
    }
  }
}
