{
  "name": "@hazel/hazel",
  "version": "0.4.2",
  "lockfileVersion": 2,
  "requires": true,
  "packages": {
    "": {
      "name": "@hazel/hazel",
      "version": "0.4.2",
      "devDependencies": {
        "esy": "0.6.11"
      },
      "engines": {
        "node": ">=14"
      }
    },
    "node_modules/esy": {
      "version": "0.6.11",
      "resolved": "https://registry.npmjs.org/esy/-/esy-0.6.11.tgz",
      "integrity": "sha512-LyrQWS/c7FYwjmgSlmYcj7w7as40iVuF6aCSHKMAZq1xgmdpjorQ7OEqg35ZUf8+xpUgKnDx4HrA3scdnfRTnA==",
      "dev": true,
      "hasInstallScript": true,
      "bin": {
        "esy": "bin/esy"
      }
    }
  },
  "dependencies": {
    "esy": {
      "version": "0.6.11",
      "resolved": "https://registry.npmjs.org/esy/-/esy-0.6.11.tgz",
      "integrity": "sha512-LyrQWS/c7FYwjmgSlmYcj7w7as40iVuF6aCSHKMAZq1xgmdpjorQ7OEqg35ZUf8+xpUgKnDx4HrA3scdnfRTnA==",
      "dev": true
    }
  }
}
