# THIS IS AN AUTOGENERATED FILE. DO NOT EDIT THIS FILE DIRECTLY.
# yarn lockfile v1


esy@0.6.11:
  version "0.6.11"
  resolved "https://registry.yarnpkg.com/esy/-/esy-0.6.11.tgz#120a4095db0cbeb430967f8bb307a3dbe3165512"
  integrity sha512-LyrQWS/c7FYwjmgSlmYcj7w7as40iVuF6aCSHKMAZq1xgmdpjorQ7OEqg35ZUf8+xpUgKnDx4HrA3scdnfRTnA==
